
Microsoft Visual Studio Solution File, Format Version 12.00
# Visual Studio Version 16
VisualStudioVersion = 16.0.31229.75
MinimumVisualStudioVersion = 10.0.40219.1
Project("{9A19103F-16F7-4668-BE54-9A1E7A4F7556}") = "Mflex.InSiteXMLClient", "Mflex.InSiteXMLClient\Mflex.InSiteXMLClient.csproj", "{BF214F3B-64DC-4CAB-BA13-338380A27AA4}"
EndProject
Project("{FAE04EC0-301F-11D3-BF4B-00C04F79EFBC}") = "Mflex.InSiteXMLClient.Tests", "Mflex.InSiteXMLClient.Tests\Mflex.InSiteXMLClient.Tests.csproj", "{551FDACB-919D-4D2D-89A0-CFD1C80290EE}"
EndProject
Global
	GlobalSection(SolutionConfigurationPlatforms) = preSolution
		Debug|Any CPU = Debug|Any CPU
		Release|Any CPU = Release|Any CPU
	EndGlobalSection
	GlobalSection(ProjectConfigurationPlatforms) = postSolution
		{BF214F3B-64DC-4CAB-BA13-338380A27AA4}.Debug|Any CPU.ActiveCfg = Debug|Any CPU
		{BF214F3B-64DC-4CAB-BA13-338380A27AA4}.Debug|Any CPU.Build.0 = Debug|Any CPU
		{BF214F3B-64DC-4CAB-BA13-338380A27AA4}.Release|Any CPU.ActiveCfg = Release|Any CPU
		{BF214F3B-64DC-4CAB-BA13-338380A27AA4}.Release|Any CPU.Build.0 = Release|Any CPU
		{551FDACB-919D-4D2D-89A0-CFD1C80290EE}.Debug|Any CPU.ActiveCfg = Debug|Any CPU
		{551FDACB-919D-4D2D-89A0-CFD1C80290EE}.Debug|Any CPU.Build.0 = Debug|Any CPU
		{551FDACB-919D-4D2D-89A0-CFD1C80290EE}.Release|Any CPU.ActiveCfg = Release|Any CPU
		{551FDACB-919D-4D2D-89A0-CFD1C80290EE}.Release|Any CPU.Build.0 = Release|Any CPU
	EndGlobalSection
	GlobalSection(SolutionProperties) = preSolution
		HideSolutionNode = FALSE
	EndGlobalSection
	GlobalSection(ExtensibilityGlobals) = postSolution
		SolutionGuid = {5269D9EB-89B8-4865-B660-5608678DB8FF}
	EndGlobalSection
EndGlobal
